
Microsoft Visual Studio Solution File, Format Version 11.00
# Visual Studio 2010
Project("{FAE04EC0-301F-11D3-BF4B-00C04F79EFBC}") = "MsmqFastView", "MsmqFastView\MsmqFastView.csproj", "{6F90A091-95CD-4BD0-95B6-3E0B20F1FDAB}"
EndProject
Project("{2150E333-8FDC-42A3-9474-1A3956D46DE8}") = "Solution Items", "Solution Items", "{52917031-12A2-4834-81EC-533930FB9F16}"
	ProjectSection(SolutionItems) = preProject
		LICENCE.txt = LICENCE.txt
		README = README
		ReleaseNotes.txt = ReleaseNotes.txt
		Settings.StyleCop = Settings.StyleCop
		TODO.txt = TODO.txt
	EndProjectSection
EndProject
Global
	GlobalSection(SolutionConfigurationPlatforms) = preSolution
		Debug|Any CPU = Debug|Any CPU
		Debug|Mixed Platforms = Debug|Mixed Platforms
		Debug|x86 = Debug|x86
		Release|Any CPU = Release|Any CPU
		Release|Mixed Platforms = Release|Mixed Platforms
		Release|x86 = Release|x86
	EndGlobalSection
	GlobalSection(ProjectConfigurationPlatforms) = postSolution
		{6F90A091-95CD-4BD0-95B6-3E0B20F1FDAB}.Debug|Any CPU.ActiveCfg = Debug|x86
		{6F90A091-95CD-4BD0-95B6-3E0B20F1FDAB}.Debug|Mixed Platforms.ActiveCfg = Debug|x86
		{6F90A091-95CD-4BD0-95B6-3E0B20F1FDAB}.Debug|Mixed Platforms.Build.0 = Debug|x86
		{6F90A091-95CD-4BD0-95B6-3E0B20F1FDAB}.Debug|x86.ActiveCfg = Debug|x86
		{6F90A091-95CD-4BD0-95B6-3E0B20F1FDAB}.Debug|x86.Build.0 = Debug|x86
		{6F90A091-95CD-4BD0-95B6-3E0B20F1FDAB}.Release|Any CPU.ActiveCfg = Release|x86
		{6F90A091-95CD-4BD0-95B6-3E0B20F1FDAB}.Release|Mixed Platforms.ActiveCfg = Release|x86
		{6F90A091-95CD-4BD0-95B6-3E0B20F1FDAB}.Release|Mixed Platforms.Build.0 = Release|x86
		{6F90A091-95CD-4BD0-95B6-3E0B20F1FDAB}.Release|x86.ActiveCfg = Release|x86
		{6F90A091-95CD-4BD0-95B6-3E0B20F1FDAB}.Release|x86.Build.0 = Release|x86
	EndGlobalSection
	GlobalSection(SolutionProperties) = preSolution
		HideSolutionNode = FALSE
	EndGlobalSection
EndGlobal
